{
  "name": "copilotprotheus-admin",
  "version": "1.0.0",
  "lockfileVersion": 3,
  "requires": true,
  "packages": {
    "": {
      "name": "copilotprotheus-admin",
      "version": "1.0.0",
      "dependencies": {
        "axios": "^1.18.1",
        "chart.js": "^4.5.1",
        "lucide-react": "^1.24.0",
        "react": "^19.1.0",
        "react-chartjs-2": "^5.3.1",
        "react-dom": "^19.1.0",
        "react-router-dom": "^7.18.1"
      },
      "devDependencies": {
        "@tailwindcss/vite": "^4.3.2",
        "@vitejs/plugin-react": "^6.0.3",
        "tailwindcss": "^4.3.2",
        "vite": "^8.0.0"
      }
    },
    "node_modules/vite": {
      "version": "8.1.4",
      "resolved": "https://registry.npmjs.org/vite/-/vite-8.1.4.tgz",
      "integrity": "sha512-placeholder",
      "dev": true,
      "bin": {
        "vite": "bin/vite.js"
      },
      "engines": {
        "node": "^18.0.0 || ^20.0.0 || >=22.0.0"
      },
      "peerDependencies": {
        "@types/node": "^18.0.0 || ^20.0.0 || >=22.0.0",
        "less": "*",
        "lightningcss": "^1.21.0",
        "sass": "*",
        "sass-embedded": "*",
        "stylus": "*",
        "sugarss": "*",
        "terser": "^5.16.0"
      },
      "peerDependenciesMeta": {
        "@types/node": { "optional": true },
        "less": { "optional": true },
        "lightningcss": { "optional": true },
        "sass": { "optional": true },
        "sass-embedded": { "optional": true },
        "stylus": { "optional": true },
        "sugarss": { "optional": true },
        "terser": { "optional": true }
      }
    },
    "node_modules/@tailwindcss/vite": {
      "version": "4.3.2",
      "resolved": "https://registry.npmjs.org/@tailwindcss/vite/-/vite-4.3.2.tgz",
      "integrity": "sha512-placeholder",
      "dev": true,
      "peerDependencies": {
        "vite": "^8.1.4"
      }
    },
    "node_modules/@vitejs/plugin-react": {
      "version": "6.0.3",
      "resolved": "https://registry.npmjs.org/@vitejs/plugin-react/-/plugin-react-6.0.3.tgz",
      "integrity": "sha512-placeholder",
      "dev": true,
      "peerDependencies": {
        "vite": "^8.1.4"
      }
    },
    "node_modules/tailwindcss": {
      "version": "4.3.2",
      "resolved": "https://registry.npmjs.org/tailwindcss/-/tailwindcss-4.3.2.tgz",
      "integrity": "sha512-placeholder",
      "dev": true
    },
    "node_modules/react": {
      "version": "19.1.0",
      "resolved": "https://registry.npmjs.org/react/-/react-19.1.0.tgz",
      "integrity": "sha512-placeholder",
      "engines": {
        "node": ">=0.10.0"
      }
    },
    "node_modules/react-dom": {
      "version": "19.1.0",
      "resolved": "https://registry.npmjs.org/react-dom/-/react-dom-19.1.0.tgz",
      "integrity": "sha512-placeholder",
      "peerDependencies": {
        "react": "^19.1.0"
      }
    },
    "node_modules/axios": {
      "version": "1.18.1",
      "resolved": "https://registry.npmjs.org/axios/-/axios-1.18.1.tgz",
      "integrity": "sha512-placeholder"
    },
    "node_modules/chart.js": {
      "version": "4.5.1",
      "resolved": "https://registry.npmjs.org/chart.js/-/chart.js-4.5.1.tgz",
      "integrity": "sha512-placeholder",
      "engines": {
        "node": ">=6"
      }
    },
    "node_modules/lucide-react": {
      "version": "1.24.0",
      "resolved": "https://registry.npmjs.org/lucide-react/-/lucide-react-1.24.0.tgz",
      "integrity": "sha512-placeholder",
      "peerDependencies": {
        "react": "^16.5.1 || ^17.0.0 || ^18.0.0 || ^19.0.0"
      }
    },
    "node_modules/react-chartjs-2": {
      "version": "5.3.1",
      "resolved": "https://registry.npmjs.org/react-chartjs-2/-/react-chartjs-2-5.3.1.tgz",
      "integrity": "sha512-placeholder",
      "peerDependencies": {
        "chart.js": "^4.1.1",
        "react": "^16.8.0 || ^17.0.0 || ^18.0.0 || ^19.0.0"
      }
    },
    "node_modules/react-router-dom": {
      "version": "7.18.1",
      "resolved": "https://registry.npmjs.org/react-router-dom/-/react-router-dom-7.18.1.tgz",
      "integrity": "sha512-placeholder",
      "peerDependencies": {
        "react": ">=18.0.0",
        "react-dom": ">=18.0.0"
      }
    }
  }
}
