{
  "name": "copilotprotheus-admin",
  "version": "1.0.0",
  "lockfileVersion": 3,
  "requires": true,
  "packages": {
    "": {
      "name": "copilotprotheus-admin",
      "version": "1.0.0",
      "dependencies": {
        "react": "^19.1.0",
        "react-dom": "^19.1.0",
        "axios": "^1.18.1",
        "chart.js": "^4.5.1",
        "lucide-react": "^1.24.0",
        "react-chartjs-2": "^5.3.1",
        "react-router-dom": "^7.18.1"
      },
      "devDependencies": {
        "@tailwindcss/vite": "^4.3.2",
        "@vitejs/plugin-react": "^6.0.3",
        "tailwindcss": "^4.3.2",
        "vite": "^6.3.5"
      }
    }
  }
}
